{
  "nodes": {
    "devshell": {
      "locked": {
        "lastModified": 1632436039,
        "narHash": "sha256-OtITeVWcKXn1SpVEnImpTGH91FycCskGBPqmlxiykv4=",
        "owner": "numtide",
        "repo": "devshell",
        "rev": "7a7a7aa0adebe5488e5abaec688fd9ae0f8ea9c6",
        "type": "github"
      },
      "original": {
        "owner": "numtide",
        "repo": "devshell",
        "type": "github"
      }
    },
    "flake-utils": {
      "locked": {
        "lastModified": 1629481132,
        "narHash": "sha256-JHgasjPR0/J1J3DRm4KxM4zTyAj4IOJY8vIl75v/kPI=",
        "owner": "numtide",
        "repo": "flake-utils",
        "rev": "997f7efcb746a9c140ce1f13c72263189225f482",
        "type": "github"
      },
      "original": {
        "owner": "numtide",
        "repo": "flake-utils",
        "type": "github"
      }
    },
    "fup": {
      "inputs": {
        "flake-utils": "flake-utils"
      },
      "locked": {
        "lastModified": 1630860081,
        "narHash": "sha256-hGkbmh9eCGpj/6kMSnaU02U6HDfUkDgZqB5nm26OPX4=",
        "owner": "gytis-ivaskevicius",
        "repo": "flake-utils-plus",
        "rev": "231acaa2cb0fc83d294f8f04352f87f9caa2b14a",
        "type": "github"
      },
      "original": {
        "owner": "gytis-ivaskevicius",
        "ref": "1.2.0",
        "repo": "flake-utils-plus",
        "type": "github"
      }
    },
    "nixpkgs": {
      "locked": {
        "lastModified": 1633550546,
        "narHash": "sha256-9jZM4J+7WF/D/+2Cf6xVRzWBVtTVL4nL94vOvWk2EwU=",
        "owner": "NixOS",
        "repo": "nixpkgs",
        "rev": "1d88d6faedf9255f2fcb30b1e9b1065f4524ddf4",
        "type": "github"
      },
      "original": {
        "id": "nixpkgs",
        "type": "indirect"
      }
    },
    "root": {
      "inputs": {
        "devshell": "devshell",
        "fup": "fup",
        "nixpkgs": "nixpkgs"
      }
    }
  },
  "root": "root",
  "version": 7
}
